// !$*UTF8*$!
{
	archiveVersion = 1;
	classes = {
	};
	objectVersion = 46;
	objects = {

/* Begin PBXBuildFile section */
		30E3F9C21F16BBD200933367 /* main.m in Sources */ = {isa = PBXBuildFile; fileRef = 30E3F9C11F16BBD200933367 /* main.m */; };
		30E3F9C51F16BBD200933367 /* AppDelegate.m in Sources */ = {isa = PBXBuildFile; fileRef = 30E3F9C41F16BBD200933367 /* AppDelegate.m */; };
		30E3F9C81F16BBD200933367 /* ViewController.m in Sources */ = {isa = PBXBuildFile; fileRef = 30E3F9C71F16BBD200933367 /* ViewController.m */; };
		30E3F9CB1F16BBD200933367 /* Main.storyboard in Resources */ = {isa = PBXBuildFile; fileRef = 30E3F9C91F16BBD200933367 /* Main.storyboard */; };
		30E3F9CD1F16BBD200933367 /* Assets.xcassets in Resources */ = {isa = PBXBuildFile; fileRef = 30E3F9CC1F16BBD200933367 /* Assets.xcassets */; };
		30E3F9D01F16BBD200933367 /* LaunchScreen.storyboard in Resources */ = {isa = PBXBuildFile; fileRef = 30E3F9CE1F16BBD200933367 /* LaunchScreen.storyboard */; };
		30E3F9D91F16BD6A00933367 /* DetailViewController.m in Sources */ = {isa = PBXBuildFile; fileRef = 30E3F9D81F16BD6900933367 /* DetailViewController.m */; };
		30E3F9DC1F16BDD000933367 /* FotoViewCell.m in Sources */ = {isa = PBXBuildFile; fileRef = 30E3F9DB1F16BDD000933367 /* FotoViewCell.m */; };
		30E3F9DF1F16BDE800933367 /* Foto.m in Sources */ = {isa = PBXBuildFile; fileRef = 30E3F9DE1F16BDE800933367 /* Foto.m */; };
/* End PBXBuildFile section */

/* Begin PBXFileReference section */
		30E3F9BD1F16BBD200933367 /* InstaKILO.app */ = {isa = PBXFileReference; explicitFileType = wrapper.application; includeInIndex = 0; path = InstaKILO.app; sourceTree = BUILT_PRODUCTS_DIR; };
		30E3F9C11F16BBD200933367 /* main.m */ = {isa = PBXFileReference; lastKnownFileType = sourcecode.c.objc; path = main.m; sourceTree = "<group>"; };
		30E3F9C31F16BBD200933367 /* AppDelegate.h */ = {isa = PBXFileReference; lastKnownFileType = sourcecode.c.h; path = AppDelegate.h; sourceTree = "<group>"; };
		30E3F9C41F16BBD200933367 /* AppDelegate.m */ = {isa = PBXFileReference; lastKnownFileType = sourcecode.c.objc; path = AppDelegate.m; sourceTree = "<group>"; };
		30E3F9C61F16BBD200933367 /* ViewController.h */ = {isa = PBXFileReference; lastKnownFileType = sourcecode.c.h; path = ViewController.h; sourceTree = "<group>"; };
		30E3F9C71F16BBD200933367 /* ViewController.m */ = {isa = PBXFileReference; lastKnownFileType = sourcecode.c.objc; path = ViewController.m; sourceTree = "<group>"; };
		30E3F9CA1F16BBD200933367 /* Base */ = {isa = PBXFileReference; lastKnownFileType = file.storyboard; name = Base; path = Base.lproj/Main.storyboard; sourceTree = "<group>"; };
		30E3F9CC1F16BBD200933367 /* Assets.xcassets */ = {isa = PBXFileReference; lastKnownFileType = folder.assetcatalog; path = Assets.xcassets; sourceTree = "<group>"; };
		30E3F9CF1F16BBD200933367 /* Base */ = {isa = PBXFileReference; lastKnownFileType = file.storyboard; name = Base; path = Base.lproj/LaunchScreen.storyboard; sourceTree = "<group>"; };
		30E3F9D11F16BBD200933367 /* Info.plist */ = {isa = PBXFileReference; lastKnownFileType = text.plist.xml; path = Info.plist; sourceTree = "<group>"; };
		30E3F9D71F16BD6900933367 /* DetailViewController.h */ = {isa = PBXFileReference; fileEncoding = 4; lastKnownFileType = sourcecode.c.h; path = DetailViewController.h; sourceTree = "<group>"; };
		30E3F9D81F16BD6900933367 /* DetailViewController.m */ = {isa = PBXFileReference; fileEncoding = 4; lastKnownFileType = sourcecode.c.objc; path = DetailViewController.m; sourceTree = "<group>"; };
		30E3F9DA1F16BDD000933367 /* FotoViewCell.h */ = {isa = PBXFileReference; fileEncoding = 4; lastKnownFileType = sourcecode.c.h; path = FotoViewCell.h; sourceTree = "<group>"; };
		30E3F9DB1F16BDD000933367 /* FotoViewCell.m */ = {isa = PBXFileReference; fileEncoding = 4; lastKnownFileType = sourcecode.c.objc; path = FotoViewCell.m; sourceTree = "<group>"; };
		30E3F9DD1F16BDE800933367 /* Foto.h */ = {isa = PBXFileReference; fileEncoding = 4; lastKnownFileType = sourcecode.c.h; path = Foto.h; sourceTree = "<group>"; };
		30E3F9DE1F16BDE800933367 /* Foto.m */ = {isa = PBXFileReference; fileEncoding = 4; lastKnownFileType = sourcecode.c.objc; path = Foto.m; sourceTree = "<group>"; };
/* End PBXFileReference section */

/* Begin PBXFrameworksBuildPhase section */
		30E3F9BA1F16BBD200933367 /* Frameworks */ = {
			isa = PBXFrameworksBuildPhase;
			buildActionMask = 2147483647;
			files = (
			);
			runOnlyForDeploymentPostprocessing = 0;
		};
/* End PBXFrameworksBuildPhase section */

/* Begin PBXGroup section */
		30E3F9B41F16BBD200933367 = {
			isa = PBXGroup;
			children = (
				30E3F9BF1F16BBD200933367 /* InstaKILO */,
				30E3F9BE1F16BBD200933367 /* Products */,
			);
			sourceTree = "<group>";
		};
		30E3F9BE1F16BBD200933367 /* Products */ = {
			isa = PBXGroup;
			children = (
				30E3F9BD1F16BBD200933367 /* InstaKILO.app */,
			);
			name = Products;
			sourceTree = "<group>";
		};
		30E3F9BF1F16BBD200933367 /* InstaKILO */ = {
			isa = PBXGroup;
			children = (
				30E3F9C91F16BBD200933367 /* Main.storyboard */,
				30E3F9D71F16BD6900933367 /* DetailViewController.h */,
				30E3F9D81F16BD6900933367 /* DetailViewController.m */,
				30E3F9DA1F16BDD000933367 /* FotoViewCell.h */,
				30E3F9DB1F16BDD000933367 /* FotoViewCell.m */,
				30E3F9C61F16BBD200933367 /* ViewController.h */,
				30E3F9C71F16BBD200933367 /* ViewController.m */,
				30E3F9DD1F16BDE800933367 /* Foto.h */,
				30E3F9DE1F16BDE800933367 /* Foto.m */,
				30E3F9C01F16BBD200933367 /* Supporting Files */,
			);
			path = InstaKILO;
			sourceTree = "<group>";
		};
		30E3F9C01F16BBD200933367 /* Supporting Files */ = {
			isa = PBXGroup;
			children = (
				30E3F9C31F16BBD200933367 /* AppDelegate.h */,
				30E3F9C41F16BBD200933367 /* AppDelegate.m */,
				30E3F9CC1F16BBD200933367 /* Assets.xcassets */,
				30E3F9CE1F16BBD200933367 /* LaunchScreen.storyboard */,
				30E3F9D11F16BBD200933367 /* Info.plist */,
				30E3F9C11F16BBD200933367 /* main.m */,
			);
			name = "Supporting Files";
			sourceTree = "<group>";
		};
/* End PBXGroup section */

/* Begin PBXNativeTarget section */
		30E3F9BC1F16BBD200933367 /* InstaKILO */ = {
			isa = PBXNativeTarget;
			buildConfigurationList = 30E3F9D41F16BBD200933367 /* Build configuration list for PBXNativeTarget "InstaKILO" */;
			buildPhases = (
				30E3F9B91F16BBD200933367 /* Sources */,
				30E3F9BA1F16BBD200933367 /* Frameworks */,
				30E3F9BB1F16BBD200933367 /* Resources */,
			);
			buildRules = (
			);
			dependencies = (
			);
			name = InstaKILO;
			productName = InstaKILO;
			productReference = 30E3F9BD1F16BBD200933367 /* InstaKILO.app */;
			productType = "com.apple.product-type.application";
		};
/* End PBXNativeTarget section */

/* Begin PBXProject section */
		30E3F9B51F16BBD200933367 /* Project object */ = {
			isa = PBXProject;
			attributes = {
				LastUpgradeCheck = 0830;
				ORGANIZATIONNAME = SamOg;
				TargetAttributes = {
					30E3F9BC1F16BBD200933367 = {
						CreatedOnToolsVersion = 8.3.3;
						DevelopmentTeam = 4KJC5XPKL6;
						ProvisioningStyle = Automatic;
					};
				};
			};
			buildConfigurationList = 30E3F9B81F16BBD200933367 /* Build configuration list for PBXProject "InstaKILO" */;
			compatibilityVersion = "Xcode 3.2";
			developmentRegion = English;
			hasScannedForEncodings = 0;
			knownRegions = (
				en,
				Base,
			);
			mainGroup = 30E3F9B41F16BBD200933367;
			productRefGroup = 30E3F9BE1F16BBD200933367 /* Products */;
			projectDirPath = "";
			projectRoot = "";
			targets = (
				30E3F9BC1F16BBD200933367 /* InstaKILO */,
			);
		};
/* End PBXProject section */

/* Begin PBXResourcesBuildPhase section */
		30E3F9BB1F16BBD200933367 /* Resources */ = {
			isa = PBXResourcesBuildPhase;
			buildActionMask = 2147483647;
			files = (
				30E3F9D01F16BBD200933367 /* LaunchScreen.storyboard in Resources */,
				30E3F9CD1F16BBD200933367 /* Assets.xcassets in Resources */,
				30E3F9CB1F16BBD200933367 /* Main.storyboard in Resources */,
			);
			runOnlyForDeploymentPostprocessing = 0;
		};
/* End PBXResourcesBuildPhase section */

/* Begin PBXSourcesBuildPhase section */
		30E3F9B91F16BBD200933367 /* Sources */ = {
			isa = PBXSourcesBuildPhase;
			buildActionMask = 2147483647;
			files = (
				30E3F9C81F16BBD200933367 /* ViewController.m in Sources */,
				30E3F9C51F16BBD200933367 /* AppDelegate.m in Sources */,
				30E3F9C21F16BBD200933367 /* main.m in Sources */,
				30E3F9DF1F16BDE800933367 /* Foto.m in Sources */,
				30E3F9DC1F16BDD000933367 /* FotoViewCell.m in Sources */,
				30E3F9D91F16BD6A00933367 /* DetailViewController.m in Sources */,
			);
			runOnlyForDeploymentPostprocessing = 0;
		};
/* End PBXSourcesBuildPhase section */

/* Begin PBXVariantGroup section */
		30E3F9C91F16BBD200933367 /* Main.storyboard */ = {
			isa = PBXVariantGroup;
			children = (
				30E3F9CA1F16BBD200933367 /* Base */,
			);
			name = Main.storyboard;
			sourceTree = "<group>";
		};
		30E3F9CE1F16BBD200933367 /* LaunchScreen.storyboard */ = {
			isa = PBXVariantGroup;
			children = (
				30E3F9CF1F16BBD200933367 /* Base */,
			);
			name = LaunchScreen.storyboard;
			sourceTree = "<group>";
		};
/* End PBXVariantGroup section */

/* Begin XCBuildConfiguration section */
		30E3F9D21F16BBD200933367 /* Debug */ = {
			isa = XCBuildConfiguration;
			buildSettings = {
				ALWAYS_SEARCH_USER_PATHS = NO;
				CLANG_ANALYZER_NONNULL = YES;
				CLANG_ANALYZER_NUMBER_OBJECT_CONVERSION = YES_AGGRESSIVE;
				CLANG_CXX_LANGUAGE_STANDARD = "gnu++0x";
				CLANG_CXX_LIBRARY = "libc++";
				CLANG_ENABLE_MODULES = YES;
				CLANG_ENABLE_OBJC_ARC = YES;
				CLANG_WARN_BOOL_CONVERSION = YES;
				CLANG_WARN_CONSTANT_CONVERSION = YES;
				CLANG_WARN_DIRECT_OBJC_ISA_USAGE = YES_ERROR;
				CLANG_WARN_DOCUMENTATION_COMMENTS = YES;
				CLANG_WARN_EMPTY_BODY = YES;
				CLANG_WARN_ENUM_CONVERSION = YES;
				CLANG_WARN_INFINITE_RECURSION = YES;
				CLANG_WARN_INT_CONVERSION = YES;
				CLANG_WARN_OBJC_ROOT_CLASS = YES_ERROR;
				CLANG_WARN_SUSPICIOUS_MOVE = YES;
				CLANG_WARN_UNREACHABLE_CODE = YES;
				CLANG_WARN__DUPLICATE_METHOD_MATCH = YES;
				"CODE_SIGN_IDENTITY[sdk=iphoneos*]" = "iPhone Developer";
				COPY_PHASE_STRIP = NO;
				DEBUG_INFORMATION_FORMAT = dwarf;
				ENABLE_STRICT_OBJC_MSGSEND = YES;
				ENABLE_TESTABILITY = YES;
				GCC_C_LANGUAGE_STANDARD = gnu99;
				GCC_DYNAMIC_NO_PIC = NO;
				GCC_NO_COMMON_BLOCKS = YES;
				GCC_OPTIMIZATION_LEVEL = 0;
				GCC_PREPROCESSOR_DEFINITIONS = (
					"DEBUG=1",
					"$(inherited)",
				);
				GCC_WARN_64_TO_32_BIT_CONVERSION = YES;
				GCC_WARN_ABOUT_RETURN_TYPE = YES_ERROR;
				GCC_WARN_UNDECLARED_SELECTOR = YES;
				GCC_WARN_UNINITIALIZED_AUTOS = YES_AGGRESSIVE;
				GCC_WARN_UNUSED_FUNCTION = YES;
				GCC_WARN_UNUSED_VARIABLE = YES;
				IPHONEOS_DEPLOYMENT_TARGET = 10.3;
				MTL_ENABLE_DEBUG_INFO = YES;
				ONLY_ACTIVE_ARCH = YES;
				SDKROOT = iphoneos;
				TARGETED_DEVICE_FAMILY = "1,2";
			};
			name = Debug;
		};
		30E3F9D31F16BBD200933367 /* Release */ = {
			isa = XCBuildConfiguration;
			buildSettings = {
				ALWAYS_SEARCH_USER_PATHS = NO;
				CLANG_ANALYZER_NONNULL = YES;
				CLANG_ANALYZER_NUMBER_OBJECT_CONVERSION = YES_AGGRESSIVE;
				CLANG_CXX_LANGUAGE_STANDARD = "gnu++0x";
				CLANG_CXX_LIBRARY = "libc++";
				CLANG_ENABLE_MODULES = YES;
				CLANG_ENABLE_OBJC_ARC = YES;
				CLANG_WARN_BOOL_CONVERSION = YES;
				CLANG_WARN_CONSTANT_CONVERSION = YES;
				CLANG_WARN_DIRECT_OBJC_ISA_USAGE = YES_ERROR;
				CLANG_WARN_DOCUMENTATION_COMMENTS = YES;
				CLANG_WARN_EMPTY_BODY = YES;
				CLANG_WARN_ENUM_CONVERSION = YES;
				CLANG_WARN_INFINITE_RECURSION = YES;
				CLANG_WARN_INT_CONVERSION = YES;
				CLANG_WARN_OBJC_ROOT_CLASS = YES_ERROR;
				CLANG_WARN_SUSPICIOUS_MOVE = YES;
				CLANG_WARN_UNREACHABLE_CODE = YES;
				CLANG_WARN__DUPLICATE_METHOD_MATCH = YES;
				"CODE_SIGN_IDENTITY[sdk=iphoneos*]" = "iPhone Developer";
				COPY_PHASE_STRIP = NO;
				DEBUG_INFORMATION_FORMAT = "dwarf-with-dsym";
				ENABLE_NS_ASSERTIONS = NO;
				ENABLE_STRICT_OBJC_MSGSEND = YES;
				GCC_C_LANGUAGE_STANDARD = gnu99;
				GCC_NO_COMMON_BLOCKS = YES;
				GCC_WARN_64_TO_32_BIT_CONVERSION = YES;
				GCC_WARN_ABOUT_RETURN_TYPE = YES_ERROR;
				GCC_WARN_UNDECLARED_SELECTOR = YES;
				GCC_WARN_UNINITIALIZED_AUTOS = YES_AGGRESSIVE;
				GCC_WARN_UNUSED_FUNCTION = YES;
				GCC_WARN_UNUSED_VARIABLE = YES;
				IPHONEOS_DEPLOYMENT_TARGET = 10.3;
				MTL_ENABLE_DEBUG_INFO = NO;
				SDKROOT = iphoneos;
				TARGETED_DEVICE_FAMILY = "1,2";
				VALIDATE_PRODUCT = YES;
			};
			name = Release;
		};
		30E3F9D51F16BBD200933367 /* Debug */ = {
			isa = XCBuildConfiguration;
			buildSettings = {
				ASSETCATALOG_COMPILER_APPICON_NAME = AppIcon;
				DEVELOPMENT_TEAM = 4KJC5XPKL6;
				INFOPLIST_FILE = InstaKILO/Info.plist;
				LD_RUNPATH_SEARCH_PATHS = "$(inherited) @executable_path/Frameworks";
				PRODUCT_BUNDLE_IDENTIFIER = com.samog.InstaKILO;
				PRODUCT_NAME = "$(TARGET_NAME)";
			};
			name = Debug;
		};
		30E3F9D61F16BBD200933367 /* Release */ = {
			isa = XCBuildConfiguration;
			buildSettings = {
				ASSETCATALOG_COMPILER_APPICON_NAME = AppIcon;
				DEVELOPMENT_TEAM = 4KJC5XPKL6;
				INFOPLIST_FILE = InstaKILO/Info.plist;
				LD_RUNPATH_SEARCH_PATHS = "$(inherited) @executable_path/Frameworks";
				PRODUCT_BUNDLE_IDENTIFIER = com.samog.InstaKILO;
				PRODUCT_NAME = "$(TARGET_NAME)";
			};
			name = Release;
		};
/* End XCBuildConfiguration section */

/* Begin XCConfigurationList section */
		30E3F9B81F16BBD200933367 /* Build configuration list for PBXProject "InstaKILO" */ = {
			isa = XCConfigurationList;
			buildConfigurations = (
				30E3F9D21F16BBD200933367 /* Debug */,
				30E3F9D31F16BBD200933367 /* Release */,
			);
			defaultConfigurationIsVisible = 0;
			defaultConfigurationName = Release;
		};
		30E3F9D41F16BBD200933367 /* Build configuration list for PBXNativeTarget "InstaKILO" */ = {
			isa = XCConfigurationList;
			buildConfigurations = (
				30E3F9D51F16BBD200933367 /* Debug */,
				30E3F9D61F16BBD200933367 /* Release */,
			);
			defaultConfigurationIsVisible = 0;
		};
/* End XCConfigurationList section */
	};
	rootObject = 30E3F9B51F16BBD200933367 /* Project object */;
}
